# @generated - this file is auto-generated by `mise lock` https://mise.jdx.dev/dev-tools/mise-lock.html

[[tools."cargo:cargo-edit"]]
version = "0.13.13"
backend = "cargo:cargo-edit"

[[tools."github:EmbarkStudios/cargo-about"]]
version = "0.9.1"
backend = "github:EmbarkStudios/cargo-about"

[tools."github:EmbarkStudios/cargo-about"."platforms.linux-arm64"]
checksum = "sha256:d13ff19fedb566f859831c0b71c22120e7c598c7753d5f1018dd7353c6ced02a"
url = "https://github.com/EmbarkStudios/cargo-about/releases/download/0.9.1/cargo-about-0.9.1-aarch64-unknown-linux-musl.tar.gz"
url_api = "https://api.github.com/repos/EmbarkStudios/cargo-about/releases/assets/461985054"

[tools."github:EmbarkStudios/cargo-about"."platforms.linux-arm64-musl"]
checksum = "sha256:d13ff19fedb566f859831c0b71c22120e7c598c7753d5f1018dd7353c6ced02a"
url = "https://github.com/EmbarkStudios/cargo-about/releases/download/0.9.1/cargo-about-0.9.1-aarch64-unknown-linux-musl.tar.gz"
url_api = "https://api.github.com/repos/EmbarkStudios/cargo-about/releases/assets/461985054"

[tools."github:EmbarkStudios/cargo-about"."platforms.linux-x64"]
checksum = "sha256:c0e7dc6f5d74b0beec5c0053d39ab24514c717d19acd91886907a22457ea9e98"
url = "https://github.com/EmbarkStudios/cargo-about/releases/download/0.9.1/cargo-about-0.9.1-x86_64-unknown-linux-musl.tar.gz"
url_api = "https://api.github.com/repos/EmbarkStudios/cargo-about/releases/assets/461984931"

[tools."github:EmbarkStudios/cargo-about"."platforms.linux-x64-musl"]
checksum = "sha256:c0e7dc6f5d74b0beec5c0053d39ab24514c717d19acd91886907a22457ea9e98"
url = "https://github.com/EmbarkStudios/cargo-about/releases/download/0.9.1/cargo-about-0.9.1-x86_64-unknown-linux-musl.tar.gz"
url_api = "https://api.github.com/repos/EmbarkStudios/cargo-about/releases/assets/461984931"

[tools."github:EmbarkStudios/cargo-about"."platforms.macos-arm64"]
checksum = "sha256:6a38fe166d17a674269d4373256c0b6bd93acc2553e12de0517cb9ecc73c9c02"
url = "https://github.com/EmbarkStudios/cargo-about/releases/download/0.9.1/cargo-about-0.9.1-aarch64-apple-darwin.tar.gz"
url_api = "https://api.github.com/repos/EmbarkStudios/cargo-about/releases/assets/461984679"

[tools."github:EmbarkStudios/cargo-about"."platforms.windows-x64"]
checksum = "sha256:318893aff6b9efd60f70470f5827b9577ae20a805cf9732d5612862a78508581"
url = "https://github.com/EmbarkStudios/cargo-about/releases/download/0.9.1/cargo-about-0.9.1-x86_64-pc-windows-msvc.tar.gz"
url_api = "https://api.github.com/repos/EmbarkStudios/cargo-about/releases/assets/461986502"

[[tools."github:russellbanks/Komac"]]
version = "2.16.0"
backend = "github:russellbanks/Komac"

[tools."github:russellbanks/Komac"."platforms.linux-arm64"]
checksum = "sha256:d742d0783b48c20105976bfcc363cf2f1a8140bb2018cfc7b500d6b4a875ab12"
url = "https://github.com/russellbanks/Komac/releases/download/v2.16.0/komac-2.16.0-aarch64-unknown-linux-gnu.tar.gz"
url_api = "https://api.github.com/repos/russellbanks/Komac/releases/assets/383985291"

[tools."github:russellbanks/Komac"."platforms.linux-arm64-musl"]
checksum = "sha256:d742d0783b48c20105976bfcc363cf2f1a8140bb2018cfc7b500d6b4a875ab12"
url = "https://github.com/russellbanks/Komac/releases/download/v2.16.0/komac-2.16.0-aarch64-unknown-linux-gnu.tar.gz"
url_api = "https://api.github.com/repos/russellbanks/Komac/releases/assets/383985291"

[tools."github:russellbanks/Komac"."platforms.linux-x64"]
checksum = "sha256:7d2707fa6210f2789a3702de49fbd150b736dbf426ee0b9bc8e098736f9fd82d"
url = "https://github.com/russellbanks/Komac/releases/download/v2.16.0/komac-2.16.0-x86_64-unknown-linux-gnu.tar.gz"
url_api = "https://api.github.com/repos/russellbanks/Komac/releases/assets/383985140"

[tools."github:russellbanks/Komac"."platforms.linux-x64-musl"]
checksum = "sha256:7d2707fa6210f2789a3702de49fbd150b736dbf426ee0b9bc8e098736f9fd82d"
url = "https://github.com/russellbanks/Komac/releases/download/v2.16.0/komac-2.16.0-x86_64-unknown-linux-gnu.tar.gz"
url_api = "https://api.github.com/repos/russellbanks/Komac/releases/assets/383985140"

[tools."github:russellbanks/Komac"."platforms.macos-arm64"]
checksum = "sha256:d75880e72d12c25c41f8e5db278ce7583e3efa5794c1c3347090e7e2c7247788"
url = "https://github.com/russellbanks/Komac/releases/download/v2.16.0/komac-2.16.0-aarch64-apple-darwin.tar.gz"
url_api = "https://api.github.com/repos/russellbanks/Komac/releases/assets/383984734"

[tools."github:russellbanks/Komac"."platforms.windows-x64"]
checksum = "sha256:bdc45baf028f750da7519cc8a5f2eab5dfef46dfe88650eeb0d0a9bf51446e4f"
url = "https://github.com/russellbanks/Komac/releases/download/v2.16.0/komac-2.16.0-x86_64-pc-windows-msvc.exe"
url_api = "https://api.github.com/repos/russellbanks/Komac/releases/assets/383985791"

[[tools."github:rust-lang/mdBook"]]
version = "0.5.4"
backend = "github:rust-lang/mdBook"

[tools."github:rust-lang/mdBook"."platforms.linux-arm64"]
checksum = "sha256:753e5c5c363ee8a56972344dcf91466f005a51db84a7aeffe427ae3ef83d6d44"
url = "https://github.com/rust-lang/mdBook/releases/download/v0.5.4/mdbook-v0.5.4-aarch64-unknown-linux-musl.tar.gz"
url_api = "https://api.github.com/repos/rust-lang/mdBook/releases/assets/468210015"

[tools."github:rust-lang/mdBook"."platforms.linux-arm64-musl"]
checksum = "sha256:753e5c5c363ee8a56972344dcf91466f005a51db84a7aeffe427ae3ef83d6d44"
url = "https://github.com/rust-lang/mdBook/releases/download/v0.5.4/mdbook-v0.5.4-aarch64-unknown-linux-musl.tar.gz"
url_api = "https://api.github.com/repos/rust-lang/mdBook/releases/assets/468210015"

[tools."github:rust-lang/mdBook"."platforms.linux-x64"]
checksum = "sha256:3f28de05dafca9d0f2eab99c662116b0e37b89b1d96a08f8f430b9eeae958cd7"
url = "https://github.com/rust-lang/mdBook/releases/download/v0.5.4/mdbook-v0.5.4-x86_64-unknown-linux-gnu.tar.gz"
url_api = "https://api.github.com/repos/rust-lang/mdBook/releases/assets/468209394"

[tools."github:rust-lang/mdBook"."platforms.linux-x64-musl"]
checksum = "sha256:5222beabd3e37dc5be0d18ff99b79058469354db5c220153a1b92db5ba12be89"
url = "https://github.com/rust-lang/mdBook/releases/download/v0.5.4/mdbook-v0.5.4-x86_64-unknown-linux-musl.tar.gz"
url_api = "https://api.github.com/repos/rust-lang/mdBook/releases/assets/468209670"

[tools."github:rust-lang/mdBook"."platforms.macos-arm64"]
checksum = "sha256:03e8a6d8b13a2971e0b3280affd03b388373c1485e26f73407c3a76b0b1838df"
url = "https://github.com/rust-lang/mdBook/releases/download/v0.5.4/mdbook-v0.5.4-aarch64-apple-darwin.tar.gz"
url_api = "https://api.github.com/repos/rust-lang/mdBook/releases/assets/468209418"

[tools."github:rust-lang/mdBook"."platforms.windows-x64"]
checksum = "sha256:8a6b2421aa522de06d746871d2b8fff9c8d71773467e310a4516d2566e7f2de4"
url = "https://github.com/rust-lang/mdBook/releases/download/v0.5.4/mdbook-v0.5.4-x86_64-pc-windows-msvc.zip"
url_api = "https://api.github.com/repos/rust-lang/mdBook/releases/assets/468210971"
